
Microsoft Visual Studio Solution File, Format Version 12.00
# Visual Studio Version 16
VisualStudioVersion = 16.0.30011.22
MinimumVisualStudioVersion = 10.0.40219.1
Project("{FAE04EC0-301F-11D3-BF4B-00C04F79EFBC}") = "ARoomInterior", "ARoomInterior.csproj", "{DAB99CB8-C28F-4DC0-9555-FA1809CAA095}"
EndProject
Global
	GlobalSection(SolutionConfigurationPlatforms) = preSolution
		Debug|Any CPU = Debug|Any CPU
		Release|Any CPU = Release|Any CPU
	EndGlobalSection
	GlobalSection(ProjectConfigurationPlatforms) = postSolution
		{DAB99CB8-C28F-4DC0-9555-FA1809CAA095}.Debug|Any CPU.ActiveCfg = Debug|Any CPU
		{DAB99CB8-C28F-4DC0-9555-FA1809CAA095}.Debug|Any CPU.Build.0 = Debug|Any CPU
		{DAB99CB8-C28F-4DC0-9555-FA1809CAA095}.Release|Any CPU.ActiveCfg = Release|Any CPU
		{DAB99CB8-C28F-4DC0-9555-FA1809CAA095}.Release|Any CPU.Build.0 = Release|Any CPU
	EndGlobalSection
	GlobalSection(SolutionProperties) = preSolution
		HideSolutionNode = FALSE
	EndGlobalSection
	GlobalSection(ExtensibilityGlobals) = postSolution
		SolutionGuid = {42DE7628-17FA-4DDA-A384-82EE24778441}
	EndGlobalSection
EndGlobal
